# This file is generated by running "yarn install" inside your project.
# Manual changes might be lost - proceed with caution!

__metadata:
  version: 6
  cacheKey: 8

"nodejs-python-interop@workspace:.":
  version: 0.0.0-use.local
  resolution: "nodejs-python-interop@workspace:."
  dependencies:
    python-shell: ^3.0.1
  languageName: unknown
  linkType: soft

"python-shell@npm:^3.0.1":
  version: 3.0.1
  resolution: "python-shell@npm:3.0.1"
  checksum: 6140f1f7323fd2ce74250b6d379677c91177b3914f4cdac07ab7858c8ffe1b87518273657b7d50ea2c9e76328384fe54c6756a8076420d7497151bcd5c7a3163
  languageName: node
  linkType: hard
